
Microsoft Visual Studio Solution File, Format Version 12.00
# Visual Studio Version 16
VisualStudioVersion = 16.0.31424.327
MinimumVisualStudioVersion = 10.0.40219.1
Project("{FAE04EC0-301F-11D3-BF4B-00C04F79EFBC}") = "Services", "Services\Services.csproj", "{690F7024-88EC-40BE-932E-6DF41D92BC56}"
EndProject
Project("{FAE04EC0-301F-11D3-BF4B-00C04F79EFBC}") = "Services.Test", "Services.Test\Services.Test.csproj", "{04BCFFA0-EBAF-461A-93D5-6A095D219F9B}"
EndProject
Project("{FAE04EC0-301F-11D3-BF4B-00C04F79EFBC}") = "Entities", "Entities\Entities.csproj", "{547BB3F2-6C1C-48C6-A7DD-2DC4DCD75978}"
EndProject
Global
	GlobalSection(SolutionConfigurationPlatforms) = preSolution
		Debug|Any CPU = Debug|Any CPU
		Release|Any CPU = Release|Any CPU
	EndGlobalSection
	GlobalSection(ProjectConfigurationPlatforms) = postSolution
		{690F7024-88EC-40BE-932E-6DF41D92BC56}.Debug|Any CPU.ActiveCfg = Debug|Any CPU
		{690F7024-88EC-40BE-932E-6DF41D92BC56}.Debug|Any CPU.Build.0 = Debug|Any CPU
		{690F7024-88EC-40BE-932E-6DF41D92BC56}.Release|Any CPU.ActiveCfg = Release|Any CPU
		{690F7024-88EC-40BE-932E-6DF41D92BC56}.Release|Any CPU.Build.0 = Release|Any CPU
		{04BCFFA0-EBAF-461A-93D5-6A095D219F9B}.Debug|Any CPU.ActiveCfg = Debug|Any CPU
		{04BCFFA0-EBAF-461A-93D5-6A095D219F9B}.Debug|Any CPU.Build.0 = Debug|Any CPU
		{04BCFFA0-EBAF-461A-93D5-6A095D219F9B}.Release|Any CPU.ActiveCfg = Release|Any CPU
		{04BCFFA0-EBAF-461A-93D5-6A095D219F9B}.Release|Any CPU.Build.0 = Release|Any CPU
		{547BB3F2-6C1C-48C6-A7DD-2DC4DCD75978}.Debug|Any CPU.ActiveCfg = Debug|Any CPU
		{547BB3F2-6C1C-48C6-A7DD-2DC4DCD75978}.Debug|Any CPU.Build.0 = Debug|Any CPU
		{547BB3F2-6C1C-48C6-A7DD-2DC4DCD75978}.Release|Any CPU.ActiveCfg = Release|Any CPU
		{547BB3F2-6C1C-48C6-A7DD-2DC4DCD75978}.Release|Any CPU.Build.0 = Release|Any CPU
	EndGlobalSection
	GlobalSection(SolutionProperties) = preSolution
		HideSolutionNode = FALSE
	EndGlobalSection
	GlobalSection(ExtensibilityGlobals) = postSolution
		SolutionGuid = {4CB8023B-A0C6-4DE3-A713-00D3C81300F9}
	EndGlobalSection
EndGlobal
